
Microsoft Visual Studio Solution File, Format Version 12.00
# Visual Studio 14
VisualStudioVersion = 14.0.25420.1
MinimumVisualStudioVersion = 10.0.40219.1
Project("{2150E333-8FDC-42A3-9474-1A3956D46DE8}") = "src", "src", "{98014C49-4DA4-4FA3-A371-5C959CD6F8F9}"
EndProject
Project("{2150E333-8FDC-42A3-9474-1A3956D46DE8}") = "Solution Items", "Solution Items", "{3F541A6F-7AE0-4E19-94BB-5EA0B7419716}"
	ProjectSection(SolutionItems) = preProject
		global.json = global.json
	EndProjectSection
EndProject
Project("{8BB2217D-0F2D-49D1-97BC-3654ED321F3B}") = "SqlLiteTest", "src\SqlLiteTest\SqlLiteTest.xproj", "{2ECCB58C-99FF-498F-AAFE-546324328A09}"
EndProject
Global
	GlobalSection(SolutionConfigurationPlatforms) = preSolution
		Debug|Any CPU = Debug|Any CPU
		Release|Any CPU = Release|Any CPU
	EndGlobalSection
	GlobalSection(ProjectConfigurationPlatforms) = postSolution
		{2ECCB58C-99FF-498F-AAFE-546324328A09}.Debug|Any CPU.ActiveCfg = Debug|Any CPU
		{2ECCB58C-99FF-498F-AAFE-546324328A09}.Debug|Any CPU.Build.0 = Debug|Any CPU
		{2ECCB58C-99FF-498F-AAFE-546324328A09}.Release|Any CPU.ActiveCfg = Release|Any CPU
		{2ECCB58C-99FF-498F-AAFE-546324328A09}.Release|Any CPU.Build.0 = Release|Any CPU
	EndGlobalSection
	GlobalSection(SolutionProperties) = preSolution
		HideSolutionNode = FALSE
	EndGlobalSection
	GlobalSection(NestedProjects) = preSolution
		{2ECCB58C-99FF-498F-AAFE-546324328A09} = {98014C49-4DA4-4FA3-A371-5C959CD6F8F9}
	EndGlobalSection
EndGlobal
